
Microsoft Visual Studio Solution File, Format Version 12.00
# Visual Studio Version 17
VisualStudioVersion = 17.1.32421.90
MinimumVisualStudioVersion = 10.0.40219.1
Project("{9A19103F-16F7-4668-BE54-9A1E7A4F7556}") = "App", "DoAn\App.csproj", "{AD8609AE-4E4A-4C9A-B20F-DFFA7364DE3D}"
EndProject
Global
	GlobalSection(SolutionConfigurationPlatforms) = preSolution
		Debug|Any CPU = Debug|Any CPU
		Release|Any CPU = Release|Any CPU
	EndGlobalSection
	GlobalSection(ProjectConfigurationPlatforms) = postSolution
		{AD8609AE-4E4A-4C9A-B20F-DFFA7364DE3D}.Debug|Any CPU.ActiveCfg = Debug|Any CPU
		{AD8609AE-4E4A-4C9A-B20F-DFFA7364DE3D}.Debug|Any CPU.Build.0 = Debug|Any CPU
		{AD8609AE-4E4A-4C9A-B20F-DFFA7364DE3D}.Release|Any CPU.ActiveCfg = Release|Any CPU
		{AD8609AE-4E4A-4C9A-B20F-DFFA7364DE3D}.Release|Any CPU.Build.0 = Release|Any CPU
	EndGlobalSection
	GlobalSection(SolutionProperties) = preSolution
		HideSolutionNode = FALSE
	EndGlobalSection
	GlobalSection(ExtensibilityGlobals) = postSolution
		SolutionGuid = {DDF7951A-646B-4695-AAA3-8FE49324EDF2}
	EndGlobalSection
EndGlobal
